PODS:
  - audioplayers_darwin (0.0.1):
    - Flutter
  - Flutter (1.0.0)
  - flutter_background_service_ios (0.0.3):
    - Flutter
  - flutter_media_metadata (0.0.1):
    - Flutter
  - path_provider_ex (0.0.1):
    - Flutter
  - path_provider_ios (0.0.1):
    - Flutter
  - permission_handler_apple (9.0.4):
    - Flutter

DEPENDENCIES:
  - audioplayers_darwin (from `.symlinks/plugins/audioplayers_darwin/ios`)
  - Flutter (from `Flutter`)
  - flutter_background_service_ios (from `.symlinks/plugins/flutter_background_service_ios/ios`)
  - flutter_media_metadata (from `.symlinks/plugins/flutter_media_metadata/ios`)
  - path_provider_ex (from `.symlinks/plugins/path_provider_ex/ios`)
  - path_provider_ios (from `.symlinks/plugins/path_provider_ios/ios`)
  - permission_handler_apple (from `.symlinks/plugins/permission_handler_apple/ios`)

EXTERNAL SOURCES:
  audioplayers_darwin:
    :path: ".symlinks/plugins/audioplayers_darwin/ios"
  Flutter:
    :path: Flutter
  flutter_background_service_ios:
    :path: ".symlinks/plugins/flutter_background_service_ios/ios"
  flutter_media_metadata:
    :path: ".symlinks/plugins/flutter_media_metadata/ios"
  path_provider_ex:
    :path: ".symlinks/plugins/path_provider_ex/ios"
  path_provider_ios:
    :path: ".symlinks/plugins/path_provider_ios/ios"
  permission_handler_apple:
    :path: ".symlinks/plugins/permission_handler_apple/ios"

SPEC CHECKSUMS:
  audioplayers_darwin: 387322cb364026a1782298c982693b1b6aa9fa1b
  Flutter: f04841e97a9d0b0a8025694d0796dd46242b2854
  flutter_background_service_ios: e30e0d3ee69e4cee66272d0c78eacd48c2e94aac
  flutter_media_metadata: 9db7298c789a54da26e0d2f6f808fa39bfd9bcd7
  path_provider_ex: 95397ca0c3f5f99c8538aec3736674fa9cefc1b6
  path_provider_ios: 14f3d2fd28c4fdb42f44e0f751d12861c43cee02
  permission_handler_apple: 44366e37eaf29454a1e7b1b7d736c2cceaeb17ce

PODFILE CHECKSUM: ef19549a9bc3046e7bb7d2fab4d021637c0c58a3

COCOAPODS: 1.11.3
